
Microsoft Visual Studio Solution File, Format Version 12.00
# Visual Studio 2012
Project("{FAE04EC0-301F-11D3-BF4B-00C04F79EFBC}") = "imperugo.webapi.responseType", "imperugo.webapi.responseType\imperugo.webapi.responseType.csproj", "{470615F9-B986-4461-B960-2A5560E68706}"
EndProject
Global
	GlobalSection(SolutionConfigurationPlatforms) = preSolution
		Debug|Any CPU = Debug|Any CPU
		Release|Any CPU = Release|Any CPU
	EndGlobalSection
	GlobalSection(ProjectConfigurationPlatforms) = postSolution
		{470615F9-B986-4461-B960-2A5560E68706}.Debug|Any CPU.ActiveCfg = Debug|Any CPU
		{470615F9-B986-4461-B960-2A5560E68706}.Debug|Any CPU.Build.0 = Debug|Any CPU
		{470615F9-B986-4461-B960-2A5560E68706}.Release|Any CPU.ActiveCfg = Release|Any CPU
		{470615F9-B986-4461-B960-2A5560E68706}.Release|Any CPU.Build.0 = Release|Any CPU
	EndGlobalSection
	GlobalSection(SolutionProperties) = preSolution
		HideSolutionNode = FALSE
	EndGlobalSection
EndGlobal
