
Microsoft Visual Studio Solution File, Format Version 12.00
# Visual Studio 11
Project("{FAE04EC0-301F-11D3-BF4B-00C04F79EFBC}") = "imperugo.linkflood", "imperugo.linkflood\imperugo.linkflood.csproj", "{EEBBD6B4-8956-4DE5-8920-94F2261FDED5}"
EndProject
Project("{FAE04EC0-301F-11D3-BF4B-00C04F79EFBC}") = "imperugo.linkflood.scheduler", "imperugo.linkflood.scheduler\imperugo.linkflood.scheduler.csproj", "{FB93DF5F-3D67-4C47-81D8-073A382C84DF}"
EndProject
Project("{2150E333-8FDC-42A3-9474-1A3956D46DE8}") = ".nuget", ".nuget", "{92DEE0C1-BD6F-454B-9320-C03F2068758D}"
	ProjectSection(SolutionItems) = preProject
		.nuget\NuGet.exe = .nuget\NuGet.exe
		.nuget\NuGet.targets = .nuget\NuGet.targets
	EndProjectSection
EndProject
Global
	GlobalSection(SolutionConfigurationPlatforms) = preSolution
		Debug|Any CPU = Debug|Any CPU
		Release|Any CPU = Release|Any CPU
	EndGlobalSection
	GlobalSection(ProjectConfigurationPlatforms) = postSolution
		{EEBBD6B4-8956-4DE5-8920-94F2261FDED5}.Debug|Any CPU.ActiveCfg = Debug|Any CPU
		{EEBBD6B4-8956-4DE5-8920-94F2261FDED5}.Debug|Any CPU.Build.0 = Debug|Any CPU
		{EEBBD6B4-8956-4DE5-8920-94F2261FDED5}.Release|Any CPU.ActiveCfg = Release|Any CPU
		{EEBBD6B4-8956-4DE5-8920-94F2261FDED5}.Release|Any CPU.Build.0 = Release|Any CPU
		{FB93DF5F-3D67-4C47-81D8-073A382C84DF}.Debug|Any CPU.ActiveCfg = Debug|Any CPU
		{FB93DF5F-3D67-4C47-81D8-073A382C84DF}.Debug|Any CPU.Build.0 = Debug|Any CPU
		{FB93DF5F-3D67-4C47-81D8-073A382C84DF}.Release|Any CPU.ActiveCfg = Release|Any CPU
		{FB93DF5F-3D67-4C47-81D8-073A382C84DF}.Release|Any CPU.Build.0 = Release|Any CPU
	EndGlobalSection
	GlobalSection(SolutionProperties) = preSolution
		HideSolutionNode = FALSE
	EndGlobalSection
EndGlobal
